
Microsoft Visual Studio Solution File, Format Version 12.00
# Visual Studio Version 17
VisualStudioVersion = 17.9.34622.214
MinimumVisualStudioVersion = 10.0.40219.1
Project("{FAE04EC0-301F-11D3-BF4B-00C04F79EFBC}") = "SyncedTimer", "SyncedTimer\SyncedTimer.csproj", "{625E89BA-CEB7-4088-B22A-9A3F42C89927}"
EndProject
Global
	GlobalSection(SolutionConfigurationPlatforms) = preSolution
		Debug|Any CPU = Debug|Any CPU
		Release|Any CPU = Release|Any CPU
	EndGlobalSection
	GlobalSection(ProjectConfigurationPlatforms) = postSolution
		{625E89BA-CEB7-4088-B22A-9A3F42C89927}.Debug|Any CPU.ActiveCfg = Debug|Any CPU
		{625E89BA-CEB7-4088-B22A-9A3F42C89927}.Debug|Any CPU.Build.0 = Debug|Any CPU
		{625E89BA-CEB7-4088-B22A-9A3F42C89927}.Release|Any CPU.ActiveCfg = Release|Any CPU
		{625E89BA-CEB7-4088-B22A-9A3F42C89927}.Release|Any CPU.Build.0 = Release|Any CPU
	EndGlobalSection
	GlobalSection(SolutionProperties) = preSolution
		HideSolutionNode = FALSE
	EndGlobalSection
	GlobalSection(ExtensibilityGlobals) = postSolution
		SolutionGuid = {076B929A-26A2-46BC-96A7-C79C2F7B44DE}
	EndGlobalSection
EndGlobal
